Microsoft Visual Studio Solution File, Format Version 12.00
# Visual Studio 2012
Project("{FAE04EC0-301F-11D3-BF4B-00C04F79EFBC}") = "Game Jam Project", "Game Jam Project.csproj", "{4527FB62-615A-40FE-8A1E-12AE97593CC6}"
EndProject
Global
	GlobalSection(SolutionConfigurationPlatforms) = preSolution
	Debug|Any CPU = Debug|Any CPU
	ExportDebug|Any CPU = ExportDebug|Any CPU
	ExportRelease|Any CPU = ExportRelease|Any CPU
	EndGlobalSection
	GlobalSection(ProjectConfigurationPlatforms) = postSolution
		{4527FB62-615A-40FE-8A1E-12AE97593CC6}.Debug|Any CPU.ActiveCfg = Debug|Any CPU
		{4527FB62-615A-40FE-8A1E-12AE97593CC6}.Debug|Any CPU.Build.0 = Debug|Any CPU
		{4527FB62-615A-40FE-8A1E-12AE97593CC6}.ExportDebug|Any CPU.ActiveCfg = ExportDebug|Any CPU
		{4527FB62-615A-40FE-8A1E-12AE97593CC6}.ExportDebug|Any CPU.Build.0 = ExportDebug|Any CPU
		{4527FB62-615A-40FE-8A1E-12AE97593CC6}.ExportRelease|Any CPU.ActiveCfg = ExportRelease|Any CPU
		{4527FB62-615A-40FE-8A1E-12AE97593CC6}.ExportRelease|Any CPU.Build.0 = ExportRelease|Any CPU
	EndGlobalSection
EndGlobal
